
Microsoft Visual Studio Solution File, Format Version 12.00
# Visual Studio Version 17
VisualStudioVersion = 17.5.002.0
MinimumVisualStudioVersion = 10.0.40219.1
Project("{9A19103F-16F7-4668-BE54-9A1E7A4F7556}") = "net_pers_fin", "net_pers_fin.csproj", "{FEDE0939-1028-4B85-B161-64BF897BFD74}"
EndProject
Global
	GlobalSection(SolutionConfigurationPlatforms) = preSolution
		Debug|Any CPU = Debug|Any CPU
		Release|Any CPU = Release|Any CPU
	EndGlobalSection
	GlobalSection(ProjectConfigurationPlatforms) = postSolution
		{FEDE0939-1028-4B85-B161-64BF897BFD74}.Debug|Any CPU.ActiveCfg = Debug|Any CPU
		{FEDE0939-1028-4B85-B161-64BF897BFD74}.Debug|Any CPU.Build.0 = Debug|Any CPU
		{FEDE0939-1028-4B85-B161-64BF897BFD74}.Release|Any CPU.ActiveCfg = Release|Any CPU
		{FEDE0939-1028-4B85-B161-64BF897BFD74}.Release|Any CPU.Build.0 = Release|Any CPU
	EndGlobalSection
	GlobalSection(SolutionProperties) = preSolution
		HideSolutionNode = FALSE
	EndGlobalSection
	GlobalSection(ExtensibilityGlobals) = postSolution
		SolutionGuid = {7896A95F-2841-462A-86AA-B352C9D06955}
	EndGlobalSection
EndGlobal
