
Microsoft Visual Studio Solution File, Format Version 12.00
# Visual Studio Version 17
VisualStudioVersion = 17.5.002.0
MinimumVisualStudioVersion = 10.0.40219.1
Project("{9A19103F-16F7-4668-BE54-9A1E7A4F7556}") = "net_pers_fin", "net_pers_fin.csproj", "{998EFD92-6D53-4671-A31A-334BD0955C57}"
EndProject
Global
	GlobalSection(SolutionConfigurationPlatforms) = preSolution
		Debug|Any CPU = Debug|Any CPU
		Release|Any CPU = Release|Any CPU
	EndGlobalSection
	GlobalSection(ProjectConfigurationPlatforms) = postSolution
		{998EFD92-6D53-4671-A31A-334BD0955C57}.Debug|Any CPU.ActiveCfg = Debug|Any CPU
		{998EFD92-6D53-4671-A31A-334BD0955C57}.Debug|Any CPU.Build.0 = Debug|Any CPU
		{998EFD92-6D53-4671-A31A-334BD0955C57}.Release|Any CPU.ActiveCfg = Release|Any CPU
		{998EFD92-6D53-4671-A31A-334BD0955C57}.Release|Any CPU.Build.0 = Release|Any CPU
	EndGlobalSection
	GlobalSection(SolutionProperties) = preSolution
		HideSolutionNode = FALSE
	EndGlobalSection
	GlobalSection(ExtensibilityGlobals) = postSolution
		SolutionGuid = {982CB731-F484-4DC9-86AD-797B33385E0A}
	EndGlobalSection
EndGlobal
